// !$*UTF8*$!
{
	archiveVersion = 1;
	classes = {
	};
	objectVersion = 77;
	objects = {

/* Begin PBXBuildFile section */
		68CF57F92FCB2A0400CDE31A /* AppDelegate.swift in Sources */ = {isa = PBXBuildFile; fileRef = 68CF57F82FCB2A0400CDE31A /* AppDelegate.swift */; };
		68CF57FD2FCB2A0400CDE31A /* Main.html in Resources */ = {isa = PBXBuildFile; fileRef = 68CF57FB2FCB2A0400CDE31A /* Main.html */; };
		68CF57FF2FCB2A0400CDE31A /* Icon.png in Resources */ = {isa = PBXBuildFile; fileRef = 68CF57FE2FCB2A0400CDE31A /* Icon.png */; };
		68CF58012FCB2A0400CDE31A /* Style.css in Resources */ = {isa = PBXBuildFile; fileRef = 68CF58002FCB2A0400CDE31A /* Style.css */; };
		68CF58032FCB2A0400CDE31A /* Script.js in Resources */ = {isa = PBXBuildFile; fileRef = 68CF58022FCB2A0400CDE31A /* Script.js */; };
		68CF58052FCB2A0400CDE31A /* ViewController.swift in Sources */ = {isa = PBXBuildFile; fileRef = 68CF58042FCB2A0400CDE31A /* ViewController.swift */; };
		68CF58082FCB2A0400CDE31A /* Main.storyboard in Resources */ = {isa = PBXBuildFile; fileRef = 68CF58062FCB2A0400CDE31A /* Main.storyboard */; };
		68CF580A2FCB2A0500CDE31A /* Assets.xcassets in Resources */ = {isa = PBXBuildFile; fileRef = 68CF58092FCB2A0500CDE31A /* Assets.xcassets */; };
		68CF58112FCB2A0500CDE31A /* Universal PiP Extension.appex in Embed Foundation Extensions */ = {isa = PBXBuildFile; fileRef = 68CF58102FCB2A0500CDE31A /* Universal PiP Extension.appex */; settings = {ATTRIBUTES = (RemoveHeadersOnCopy, ); }; };
		68CF58162FCB2A0500CDE31A /* SafariWebExtensionHandler.swift in Sources */ = {isa = PBXBuildFile; fileRef = 68CF58152FCB2A0500CDE31A /* SafariWebExtensionHandler.swift */; };
		68CF582C2FCB2A0500CDE31A /* content.css in Resources */ = {isa = PBXBuildFile; fileRef = 68CF58222FCB2A0500CDE31A /* content.css */; };
		68CF582D2FCB2A0500CDE31A /* test in Resources */ = {isa = PBXBuildFile; fileRef = 68CF58232FCB2A0500CDE31A /* test */; };
		68CF582E2FCB2A0500CDE31A /* background.js in Resources */ = {isa = PBXBuildFile; fileRef = 68CF58242FCB2A0500CDE31A /* background.js */; };
		68CF582F2FCB2A0500CDE31A /* options.js in Resources */ = {isa = PBXBuildFile; fileRef = 68CF58252FCB2A0500CDE31A /* options.js */; };
		68CF58302FCB2A0500CDE31A /* README.md in Resources */ = {isa = PBXBuildFile; fileRef = 68CF58262FCB2A0500CDE31A /* README.md */; };
		68CF58312FCB2A0500CDE31A /* icons in Resources */ = {isa = PBXBuildFile; fileRef = 68CF58272FCB2A0500CDE31A /* icons */; };
		68CF58322FCB2A0500CDE31A /* manifest.json in Resources */ = {isa = PBXBuildFile; fileRef = 68CF58282FCB2A0500CDE31A /* manifest.json */; };
		68CF58332FCB2A0500CDE31A /* options.html in Resources */ = {isa = PBXBuildFile; fileRef = 68CF58292FCB2A0500CDE31A /* options.html */; };
		68CF58342FCB2A0500CDE31A /* content.js in Resources */ = {isa = PBXBuildFile; fileRef = 68CF582A2FCB2A0500CDE31A /* content.js */; };
		68CF58352FCB2A0500CDE31A /* options.css in Resources */ = {isa = PBXBuildFile; fileRef = 68CF582B2FCB2A0500CDE31A /* options.css */; };
/* End PBXBuildFile section */

/* Begin PBXContainerItemProxy section */
		68CF58122FCB2A0500CDE31A /* PBXContainerItemProxy */ = {
			isa = PBXContainerItemProxy;
			containerPortal = 68CF57ED2FCB2A0400CDE31A /* Project object */;
			proxyType = 1;
			remoteGlobalIDString = 68CF580F2FCB2A0500CDE31A;
			remoteInfo = "Universal PiP Extension";
		};
/* End PBXContainerItemProxy section */

/* Begin PBXCopyFilesBuildPhase section */
		68CF581D2FCB2A0500CDE31A /* Embed Foundation Extensions */ = {
			isa = PBXCopyFilesBuildPhase;
			buildActionMask = 2147483647;
			dstPath = "";
			dstSubfolderSpec = 13;
			files = (
				68CF58112FCB2A0500CDE31A /* Universal PiP Extension.appex in Embed Foundation Extensions */,
			);
			name = "Embed Foundation Extensions";
			runOnlyForDeploymentPostprocessing = 0;
		};
/* End PBXCopyFilesBuildPhase section */

/* Begin PBXFileReference section */
		68CF57F52FCB2A0400CDE31A /* Universal PiP.app */ = {isa = PBXFileReference; explicitFileType = wrapper.application; includeInIndex = 0; path = "Universal PiP.app"; sourceTree = BUILT_PRODUCTS_DIR; };
		68CF57F82FCB2A0400CDE31A /* AppDelegate.swift */ = {isa = PBXFileReference; lastKnownFileType = sourcecode.swift; path = AppDelegate.swift; sourceTree = "<group>"; };
		68CF57FC2FCB2A0400CDE31A /* Base */ = {isa = PBXFileReference; lastKnownFileType = text.html; name = Base; path = Base.lproj/Main.html; sourceTree = "<group>"; };
		68CF57FE2FCB2A0400CDE31A /* Icon.png */ = {isa = PBXFileReference; lastKnownFileType = image.png; path = Icon.png; sourceTree = "<group>"; };
		68CF58002FCB2A0400CDE31A /* Style.css */ = {isa = PBXFileReference; lastKnownFileType = text.css; path = Style.css; sourceTree = "<group>"; };
		68CF58022FCB2A0400CDE31A /* Script.js */ = {isa = PBXFileReference; lastKnownFileType = sourcecode.javascript; path = Script.js; sourceTree = "<group>"; };
		68CF58042FCB2A0400CDE31A /* ViewController.swift */ = {isa = PBXFileReference; lastKnownFileType = sourcecode.swift; path = ViewController.swift; sourceTree = "<group>"; };
		68CF58072FCB2A0400CDE31A /* Base */ = {isa = PBXFileReference; lastKnownFileType = file.storyboard; name = Base; path = Base.lproj/Main.storyboard; sourceTree = "<group>"; };
		68CF58092FCB2A0500CDE31A /* Assets.xcassets */ = {isa = PBXFileReference; lastKnownFileType = folder.assetcatalog; path = Assets.xcassets; sourceTree = "<group>"; };
		68CF580B2FCB2A0500CDE31A /* Info.plist */ = {isa = PBXFileReference; lastKnownFileType = text.plist.xml; path = Info.plist; sourceTree = "<group>"; };
		68CF58102FCB2A0500CDE31A /* Universal PiP Extension.appex */ = {isa = PBXFileReference; explicitFileType = "wrapper.app-extension"; includeInIndex = 0; path = "Universal PiP Extension.appex"; sourceTree = BUILT_PRODUCTS_DIR; };
		68CF58152FCB2A0500CDE31A /* SafariWebExtensionHandler.swift */ = {isa = PBXFileReference; lastKnownFileType = sourcecode.swift; path = SafariWebExtensionHandler.swift; sourceTree = "<group>"; };
		68CF58172FCB2A0500CDE31A /* Info.plist */ = {isa = PBXFileReference; lastKnownFileType = text.plist.xml; path = Info.plist; sourceTree = "<group>"; };
		68CF58222FCB2A0500CDE31A /* content.css */ = {isa = PBXFileReference; lastKnownFileType = text.css; name = content.css; path = Resources/content.css; sourceTree = "<group>"; };
		68CF58232FCB2A0500CDE31A /* test */ = {isa = PBXFileReference; lastKnownFileType = folder; name = test; path = Resources/test; sourceTree = "<group>"; };
		68CF58242FCB2A0500CDE31A /* background.js */ = {isa = PBXFileReference; lastKnownFileType = sourcecode.javascript; name = background.js; path = Resources/background.js; sourceTree = "<group>"; };
		68CF58252FCB2A0500CDE31A /* options.js */ = {isa = PBXFileReference; lastKnownFileType = sourcecode.javascript; name = options.js; path = Resources/options.js; sourceTree = "<group>"; };
		68CF58262FCB2A0500CDE31A /* README.md */ = {isa = PBXFileReference; lastKnownFileType = net.daringfireball.markdown; name = README.md; path = Resources/README.md; sourceTree = "<group>"; };
		68CF58272FCB2A0500CDE31A /* icons */ = {isa = PBXFileReference; lastKnownFileType = folder; name = icons; path = Resources/icons; sourceTree = "<group>"; };
		68CF58282FCB2A0500CDE31A /* manifest.json */ = {isa = PBXFileReference; lastKnownFileType = text.json; name = manifest.json; path = Resources/manifest.json; sourceTree = "<group>"; };
		68CF58292FCB2A0500CDE31A /* options.html */ = {isa = PBXFileReference; lastKnownFileType = text.html; name = options.html; path = Resources/options.html; sourceTree = "<group>"; };
		68CF582A2FCB2A0500CDE31A /* content.js */ = {isa = PBXFileReference; lastKnownFileType = sourcecode.javascript; name = content.js; path = Resources/content.js; sourceTree = "<group>"; };
		68CF582B2FCB2A0500CDE31A /* options.css */ = {isa = PBXFileReference; lastKnownFileType = text.css; name = options.css; path = Resources/options.css; sourceTree = "<group>"; };
/* End PBXFileReference section */

/* Begin PBXFrameworksBuildPhase section */
		68CF57F22FCB2A0400CDE31A /* Frameworks */ = {
			isa = PBXFrameworksBuildPhase;
			buildActionMask = 2147483647;
			files = (
			);
			runOnlyForDeploymentPostprocessing = 0;
		};
		68CF580D2FCB2A0500CDE31A /* Frameworks */ = {
			isa = PBXFrameworksBuildPhase;
			buildActionMask = 2147483647;
			files = (
			);
			runOnlyForDeploymentPostprocessing = 0;
		};
/* End PBXFrameworksBuildPhase section */

/* Begin PBXGroup section */
		68CF57EC2FCB2A0400CDE31A = {
			isa = PBXGroup;
			children = (
				68CF57F72FCB2A0400CDE31A /* Universal PiP */,
				68CF58142FCB2A0500CDE31A /* Universal PiP Extension */,
				68CF57F62FCB2A0400CDE31A /* Products */,
			);
			sourceTree = "<group>";
		};
		68CF57F62FCB2A0400CDE31A /* Products */ = {
			isa = PBXGroup;
			children = (
				68CF57F52FCB2A0400CDE31A /* Universal PiP.app */,
				68CF58102FCB2A0500CDE31A /* Universal PiP Extension.appex */,
			);
			name = Products;
			sourceTree = "<group>";
		};
		68CF57F72FCB2A0400CDE31A /* Universal PiP */ = {
			isa = PBXGroup;
			children = (
				68CF57F82FCB2A0400CDE31A /* AppDelegate.swift */,
				68CF58042FCB2A0400CDE31A /* ViewController.swift */,
				68CF58062FCB2A0400CDE31A /* Main.storyboard */,
				68CF58092FCB2A0500CDE31A /* Assets.xcassets */,
				68CF580B2FCB2A0500CDE31A /* Info.plist */,
				68CF57FA2FCB2A0400CDE31A /* Resources */,
			);
			path = "Universal PiP";
			sourceTree = "<group>";
		};
		68CF57FA2FCB2A0400CDE31A /* Resources */ = {
			isa = PBXGroup;
			children = (
				68CF57FB2FCB2A0400CDE31A /* Main.html */,
				68CF57FE2FCB2A0400CDE31A /* Icon.png */,
				68CF58002FCB2A0400CDE31A /* Style.css */,
				68CF58022FCB2A0400CDE31A /* Script.js */,
			);
			path = Resources;
			sourceTree = "<group>";
		};
		68CF58142FCB2A0500CDE31A /* Universal PiP Extension */ = {
			isa = PBXGroup;
			children = (
				68CF58212FCB2A0500CDE31A /* Resources */,
				68CF58152FCB2A0500CDE31A /* SafariWebExtensionHandler.swift */,
				68CF58172FCB2A0500CDE31A /* Info.plist */,
			);
			path = "Universal PiP Extension";
			sourceTree = "<group>";
		};
		68CF58212FCB2A0500CDE31A /* Resources */ = {
			isa = PBXGroup;
			children = (
				68CF58222FCB2A0500CDE31A /* content.css */,
				68CF58232FCB2A0500CDE31A /* test */,
				68CF58242FCB2A0500CDE31A /* background.js */,
				68CF58252FCB2A0500CDE31A /* options.js */,
				68CF58262FCB2A0500CDE31A /* README.md */,
				68CF58272FCB2A0500CDE31A /* icons */,
				68CF58282FCB2A0500CDE31A /* manifest.json */,
				68CF58292FCB2A0500CDE31A /* options.html */,
				68CF582A2FCB2A0500CDE31A /* content.js */,
				68CF582B2FCB2A0500CDE31A /* options.css */,
			);
			name = Resources;
			path = "Universal PiP Extension";
			sourceTree = SOURCE_ROOT;
		};
/* End PBXGroup section */

/* Begin PBXNativeTarget section */
		68CF57F42FCB2A0400CDE31A /* Universal PiP */ = {
			isa = PBXNativeTarget;
			buildConfigurationList = 68CF581E2FCB2A0500CDE31A /* Build configuration list for PBXNativeTarget "Universal PiP" */;
			buildPhases = (
				68CF57F12FCB2A0400CDE31A /* Sources */,
				68CF57F22FCB2A0400CDE31A /* Frameworks */,
				68CF57F32FCB2A0400CDE31A /* Resources */,
				68CF581D2FCB2A0500CDE31A /* Embed Foundation Extensions */,
			);
			buildRules = (
			);
			dependencies = (
				68CF58132FCB2A0500CDE31A /* PBXTargetDependency */,
			);
			name = "Universal PiP";
			packageProductDependencies = (
			);
			productName = "Universal PiP";
			productReference = 68CF57F52FCB2A0400CDE31A /* Universal PiP.app */;
			productType = "com.apple.product-type.application";
		};
		68CF580F2FCB2A0500CDE31A /* Universal PiP Extension */ = {
			isa = PBXNativeTarget;
			buildConfigurationList = 68CF581A2FCB2A0500CDE31A /* Build configuration list for PBXNativeTarget "Universal PiP Extension" */;
			buildPhases = (
				68CF580C2FCB2A0500CDE31A /* Sources */,
				68CF580D2FCB2A0500CDE31A /* Frameworks */,
				68CF580E2FCB2A0500CDE31A /* Resources */,
			);
			buildRules = (
			);
			dependencies = (
			);
			name = "Universal PiP Extension";
			packageProductDependencies = (
			);
			productName = "Universal PiP Extension";
			productReference = 68CF58102FCB2A0500CDE31A /* Universal PiP Extension.appex */;
			productType = "com.apple.product-type.app-extension";
		};
/* End PBXNativeTarget section */

/* Begin PBXProject section */
		68CF57ED2FCB2A0400CDE31A /* Project object */ = {
			isa = PBXProject;
			attributes = {
				BuildIndependentTargetsInParallel = 1;
				LastSwiftUpdateCheck = 2650;
				LastUpgradeCheck = 2650;
				TargetAttributes = {
					68CF57F42FCB2A0400CDE31A = {
						CreatedOnToolsVersion = 26.5;
					};
					68CF580F2FCB2A0500CDE31A = {
						CreatedOnToolsVersion = 26.5;
					};
				};
			};
			buildConfigurationList = 68CF57F02FCB2A0400CDE31A /* Build configuration list for PBXProject "Universal PiP" */;
			developmentRegion = en;
			hasScannedForEncodings = 0;
			knownRegions = (
				en,
				Base,
			);
			mainGroup = 68CF57EC2FCB2A0400CDE31A;
			minimizedProjectReferenceProxies = 1;
			preferredProjectObjectVersion = 77;
			productRefGroup = 68CF57F62FCB2A0400CDE31A /* Products */;
			projectDirPath = "";
			projectRoot = "";
			targets = (
				68CF57F42FCB2A0400CDE31A /* Universal PiP */,
				68CF580F2FCB2A0500CDE31A /* Universal PiP Extension */,
			);
		};
/* End PBXProject section */

/* Begin PBXResourcesBuildPhase section */
		68CF57F32FCB2A0400CDE31A /* Resources */ = {
			isa = PBXResourcesBuildPhase;
			buildActionMask = 2147483647;
			files = (
				68CF57FF2FCB2A0400CDE31A /* Icon.png in Resources */,
				68CF58082FCB2A0400CDE31A /* Main.storyboard in Resources */,
				68CF58032FCB2A0400CDE31A /* Script.js in Resources */,
				68CF57FD2FCB2A0400CDE31A /* Main.html in Resources */,
				68CF580A2FCB2A0500CDE31A /* Assets.xcassets in Resources */,
				68CF58012FCB2A0400CDE31A /* Style.css in Resources */,
			);
			runOnlyForDeploymentPostprocessing = 0;
		};
		68CF580E2FCB2A0500CDE31A /* Resources */ = {
			isa = PBXResourcesBuildPhase;
			buildActionMask = 2147483647;
			files = (
				68CF582D2FCB2A0500CDE31A /* test in Resources */,
				68CF58322FCB2A0500CDE31A /* manifest.json in Resources */,
				68CF58352FCB2A0500CDE31A /* options.css in Resources */,
				68CF582F2FCB2A0500CDE31A /* options.js in Resources */,
				68CF58332FCB2A0500CDE31A /* options.html in Resources */,
				68CF58302FCB2A0500CDE31A /* README.md in Resources */,
				68CF58312FCB2A0500CDE31A /* icons in Resources */,
				68CF58342FCB2A0500CDE31A /* content.js in Resources */,
				68CF582E2FCB2A0500CDE31A /* background.js in Resources */,
				68CF582C2FCB2A0500CDE31A /* content.css in Resources */,
			);
			runOnlyForDeploymentPostprocessing = 0;
		};
/* End PBXResourcesBuildPhase section */

/* Begin PBXSourcesBuildPhase section */
		68CF57F12FCB2A0400CDE31A /* Sources */ = {
			isa = PBXSourcesBuildPhase;
			buildActionMask = 2147483647;
			files = (
				68CF58052FCB2A0400CDE31A /* ViewController.swift in Sources */,
				68CF57F92FCB2A0400CDE31A /* AppDelegate.swift in Sources */,
			);
			runOnlyForDeploymentPostprocessing = 0;
		};
		68CF580C2FCB2A0500CDE31A /* Sources */ = {
			isa = PBXSourcesBuildPhase;
			buildActionMask = 2147483647;
			files = (
				68CF58162FCB2A0500CDE31A /* SafariWebExtensionHandler.swift in Sources */,
			);
			runOnlyForDeploymentPostprocessing = 0;
		};
/* End PBXSourcesBuildPhase section */

/* Begin PBXTargetDependency section */
		68CF58132FCB2A0500CDE31A /* PBXTargetDependency */ = {
			isa = PBXTargetDependency;
			target = 68CF580F2FCB2A0500CDE31A /* Universal PiP Extension */;
			targetProxy = 68CF58122FCB2A0500CDE31A /* PBXContainerItemProxy */;
		};
/* End PBXTargetDependency section */

/* Begin PBXVariantGroup section */
		68CF57FB2FCB2A0400CDE31A /* Main.html */ = {
			isa = PBXVariantGroup;
			children = (
				68CF57FC2FCB2A0400CDE31A /* Base */,
			);
			name = Main.html;
			sourceTree = "<group>";
		};
		68CF58062FCB2A0400CDE31A /* Main.storyboard */ = {
			isa = PBXVariantGroup;
			children = (
				68CF58072FCB2A0400CDE31A /* Base */,
			);
			name = Main.storyboard;
			sourceTree = "<group>";
		};
/* End PBXVariantGroup section */

/* Begin XCBuildConfiguration section */
		68CF58182FCB2A0500CDE31A /* Debug */ = {
			isa = XCBuildConfiguration;
			buildSettings = {
				ALWAYS_SEARCH_USER_PATHS = NO;
				ASSETCATALOG_COMPILER_GENERATE_SWIFT_ASSET_SYMBOL_EXTENSIONS = YES;
				CLANG_ANALYZER_NONNULL = YES;
				CLANG_ANALYZER_NUMBER_OBJECT_CONVERSION = YES_AGGRESSIVE;
				CLANG_CXX_LANGUAGE_STANDARD = "gnu++20";
				CLANG_ENABLE_MODULES = YES;
				CLANG_ENABLE_OBJC_ARC = YES;
				CLANG_ENABLE_OBJC_WEAK = YES;
				CLANG_WARN_BLOCK_CAPTURE_AUTORELEASING = YES;
				CLANG_WARN_BOOL_CONVERSION = YES;
				CLANG_WARN_COMMA = YES;
				CLANG_WARN_CONSTANT_CONVERSION = YES;
				CLANG_WARN_DEPRECATED_OBJC_IMPLEMENTATIONS = YES;
				CLANG_WARN_DIRECT_OBJC_ISA_USAGE = YES_ERROR;
				CLANG_WARN_DOCUMENTATION_COMMENTS = YES;
				CLANG_WARN_EMPTY_BODY = YES;
				CLANG_WARN_ENUM_CONVERSION = YES;
				CLANG_WARN_INFINITE_RECURSION = YES;
				CLANG_WARN_INT_CONVERSION = YES;
				CLANG_WARN_NON_LITERAL_NULL_CONVERSION = YES;
				CLANG_WARN_OBJC_IMPLICIT_RETAIN_SELF = YES;
				CLANG_WARN_OBJC_LITERAL_CONVERSION = YES;
				CLANG_WARN_OBJC_ROOT_CLASS = YES_ERROR;
				CLANG_WARN_QUOTED_INCLUDE_IN_FRAMEWORK_HEADER = YES;
				CLANG_WARN_RANGE_LOOP_ANALYSIS = YES;
				CLANG_WARN_STRICT_PROTOTYPES = YES;
				CLANG_WARN_SUSPICIOUS_MOVE = YES;
				CLANG_WARN_UNGUARDED_AVAILABILITY = YES_AGGRESSIVE;
				CLANG_WARN_UNREACHABLE_CODE = YES;
				CLANG_WARN__DUPLICATE_METHOD_MATCH = YES;
				COPY_PHASE_STRIP = NO;
				DEBUG_INFORMATION_FORMAT = dwarf;
				ENABLE_STRICT_OBJC_MSGSEND = YES;
				ENABLE_TESTABILITY = YES;
				ENABLE_USER_SCRIPT_SANDBOXING = YES;
				GCC_C_LANGUAGE_STANDARD = gnu17;
				GCC_DYNAMIC_NO_PIC = NO;
				GCC_NO_COMMON_BLOCKS = YES;
				GCC_OPTIMIZATION_LEVEL = 0;
				GCC_PREPROCESSOR_DEFINITIONS = (
					"DEBUG=1",
					"$(inherited)",
				);
				GCC_WARN_64_TO_32_BIT_CONVERSION = YES;
				GCC_WARN_ABOUT_RETURN_TYPE = YES_ERROR;
				GCC_WARN_UNDECLARED_SELECTOR = YES;
				GCC_WARN_UNINITIALIZED_AUTOS = YES_AGGRESSIVE;
				GCC_WARN_UNUSED_FUNCTION = YES;
				GCC_WARN_UNUSED_VARIABLE = YES;
				LOCALIZATION_PREFERS_STRING_CATALOGS = YES;
				MACOSX_DEPLOYMENT_TARGET = 11.0;
				MTL_ENABLE_DEBUG_INFO = INCLUDE_SOURCE;
				MTL_FAST_MATH = YES;
				ONLY_ACTIVE_ARCH = YES;
				SDKROOT = macosx;
				SWIFT_ACTIVE_COMPILATION_CONDITIONS = "DEBUG $(inherited)";
				SWIFT_OPTIMIZATION_LEVEL = "-Onone";
			};
			name = Debug;
		};
		68CF58192FCB2A0500CDE31A /* Release */ = {
			isa = XCBuildConfiguration;
			buildSettings = {
				ALWAYS_SEARCH_USER_PATHS = NO;
				ASSETCATALOG_COMPILER_GENERATE_SWIFT_ASSET_SYMBOL_EXTENSIONS = YES;
				CLANG_ANALYZER_NONNULL = YES;
				CLANG_ANALYZER_NUMBER_OBJECT_CONVERSION = YES_AGGRESSIVE;
				CLANG_CXX_LANGUAGE_STANDARD = "gnu++20";
				CLANG_ENABLE_MODULES = YES;
				CLANG_ENABLE_OBJC_ARC = YES;
				CLANG_ENABLE_OBJC_WEAK = YES;
				CLANG_WARN_BLOCK_CAPTURE_AUTORELEASING = YES;
				CLANG_WARN_BOOL_CONVERSION = YES;
				CLANG_WARN_COMMA = YES;
				CLANG_WARN_CONSTANT_CONVERSION = YES;
				CLANG_WARN_DEPRECATED_OBJC_IMPLEMENTATIONS = YES;
				CLANG_WARN_DIRECT_OBJC_ISA_USAGE = YES_ERROR;
				CLANG_WARN_DOCUMENTATION_COMMENTS = YES;
				CLANG_WARN_EMPTY_BODY = YES;
				CLANG_WARN_ENUM_CONVERSION = YES;
				CLANG_WARN_INFINITE_RECURSION = YES;
				CLANG_WARN_INT_CONVERSION = YES;
				CLANG_WARN_NON_LITERAL_NULL_CONVERSION = YES;
				CLANG_WARN_OBJC_IMPLICIT_RETAIN_SELF = YES;
				CLANG_WARN_OBJC_LITERAL_CONVERSION = YES;
				CLANG_WARN_OBJC_ROOT_CLASS = YES_ERROR;
				CLANG_WARN_QUOTED_INCLUDE_IN_FRAMEWORK_HEADER = YES;
				CLANG_WARN_RANGE_LOOP_ANALYSIS = YES;
				CLANG_WARN_STRICT_PROTOTYPES = YES;
				CLANG_WARN_SUSPICIOUS_MOVE = YES;
				CLANG_WARN_UNGUARDED_AVAILABILITY = YES_AGGRESSIVE;
				CLANG_WARN_UNREACHABLE_CODE = YES;
				CLANG_WARN__DUPLICATE_METHOD_MATCH = YES;
				COPY_PHASE_STRIP = NO;
				DEBUG_INFORMATION_FORMAT = "dwarf-with-dsym";
				ENABLE_NS_ASSERTIONS = NO;
				ENABLE_STRICT_OBJC_MSGSEND = YES;
				ENABLE_USER_SCRIPT_SANDBOXING = YES;
				GCC_C_LANGUAGE_STANDARD = gnu17;
				GCC_NO_COMMON_BLOCKS = YES;
				GCC_WARN_64_TO_32_BIT_CONVERSION = YES;
				GCC_WARN_ABOUT_RETURN_TYPE = YES_ERROR;
				GCC_WARN_UNDECLARED_SELECTOR = YES;
				GCC_WARN_UNINITIALIZED_AUTOS = YES_AGGRESSIVE;
				GCC_WARN_UNUSED_FUNCTION = YES;
				GCC_WARN_UNUSED_VARIABLE = YES;
				LOCALIZATION_PREFERS_STRING_CATALOGS = YES;
				MACOSX_DEPLOYMENT_TARGET = 11.0;
				MTL_ENABLE_DEBUG_INFO = NO;
				MTL_FAST_MATH = YES;
				SDKROOT = macosx;
				SWIFT_COMPILATION_MODE = wholemodule;
			};
			name = Release;
		};
		68CF581B2FCB2A0500CDE31A /* Debug */ = {
			isa = XCBuildConfiguration;
			buildSettings = {
				CODE_SIGN_STYLE = Automatic;
				CURRENT_PROJECT_VERSION = 1;
				ENABLE_APP_SANDBOX = YES;
				ENABLE_HARDENED_RUNTIME = YES;
				ENABLE_USER_SELECTED_FILES = readonly;
				GENERATE_INFOPLIST_FILE = YES;
				INFOPLIST_FILE = "Universal PiP Extension/Info.plist";
				INFOPLIST_KEY_CFBundleDisplayName = "Universal PiP Extension";
				INFOPLIST_KEY_NSHumanReadableCopyright = "";
				LD_RUNPATH_SEARCH_PATHS = (
					"$(inherited)",
					"@executable_path/../Frameworks",
					"@executable_path/../../../../Frameworks",
				);
				MACOSX_DEPLOYMENT_TARGET = 11.0;
				MARKETING_VERSION = 1.0;
				OTHER_LDFLAGS = (
					"-framework",
					SafariServices,
				);
				PRODUCT_BUNDLE_IDENTIFIER = com.gatherlab.universalpip.extension;
				PRODUCT_NAME = "$(TARGET_NAME)";
				SKIP_INSTALL = YES;
				STRING_CATALOG_GENERATE_SYMBOLS = YES;
				SWIFT_APPROACHABLE_CONCURRENCY = YES;
				SWIFT_EMIT_LOC_STRINGS = YES;
				SWIFT_UPCOMING_FEATURE_MEMBER_IMPORT_VISIBILITY = YES;
				SWIFT_VERSION = 5.0;
			};
			name = Debug;
		};
		68CF581C2FCB2A0500CDE31A /* Release */ = {
			isa = XCBuildConfiguration;
			buildSettings = {
				CODE_SIGN_STYLE = Automatic;
				CURRENT_PROJECT_VERSION = 1;
				ENABLE_APP_SANDBOX = YES;
				ENABLE_HARDENED_RUNTIME = YES;
				ENABLE_USER_SELECTED_FILES = readonly;
				GENERATE_INFOPLIST_FILE = YES;
				INFOPLIST_FILE = "Universal PiP Extension/Info.plist";
				INFOPLIST_KEY_CFBundleDisplayName = "Universal PiP Extension";
				INFOPLIST_KEY_NSHumanReadableCopyright = "";
				LD_RUNPATH_SEARCH_PATHS = (
					"$(inherited)",
					"@executable_path/../Frameworks",
					"@executable_path/../../../../Frameworks",
				);
				MACOSX_DEPLOYMENT_TARGET = 11.0;
				MARKETING_VERSION = 1.0;
				OTHER_LDFLAGS = (
					"-framework",
					SafariServices,
				);
				PRODUCT_BUNDLE_IDENTIFIER = com.gatherlab.universalpip.extension;
				PRODUCT_NAME = "$(TARGET_NAME)";
				SKIP_INSTALL = YES;
				STRING_CATALOG_GENERATE_SYMBOLS = YES;
				SWIFT_APPROACHABLE_CONCURRENCY = YES;
				SWIFT_EMIT_LOC_STRINGS = YES;
				SWIFT_UPCOMING_FEATURE_MEMBER_IMPORT_VISIBILITY = YES;
				SWIFT_VERSION = 5.0;
			};
			name = Release;
		};
		68CF581F2FCB2A0500CDE31A /* Debug */ = {
			isa = XCBuildConfiguration;
			buildSettings = {
				ASSETCATALOG_COMPILER_APPICON_NAME = AppIcon;
				ASSETCATALOG_COMPILER_GLOBAL_ACCENT_COLOR_NAME = AccentColor;
				CODE_SIGN_STYLE = Automatic;
				COMBINE_HIDPI_IMAGES = YES;
				CURRENT_PROJECT_VERSION = 1;
				ENABLE_APP_SANDBOX = YES;
				ENABLE_HARDENED_RUNTIME = YES;
				ENABLE_OUTGOING_NETWORK_CONNECTIONS = YES;
				ENABLE_USER_SELECTED_FILES = readonly;
				GENERATE_INFOPLIST_FILE = YES;
				INFOPLIST_FILE = "Universal PiP/Info.plist";
				INFOPLIST_KEY_CFBundleDisplayName = "Universal PiP";
				INFOPLIST_KEY_LSApplicationCategoryType = "public.app-category.utilities";
				INFOPLIST_KEY_NSHumanReadableCopyright = "";
				INFOPLIST_KEY_NSMainStoryboardFile = Main;
				INFOPLIST_KEY_NSPrincipalClass = NSApplication;
				LD_RUNPATH_SEARCH_PATHS = (
					"$(inherited)",
					"@executable_path/../Frameworks",
				);
				MARKETING_VERSION = 1.0;
				OTHER_LDFLAGS = (
					"-framework",
					SafariServices,
					"-framework",
					WebKit,
				);
				PRODUCT_BUNDLE_IDENTIFIER = com.gatherlab.universalpip;
				PRODUCT_NAME = "$(TARGET_NAME)";
				REGISTER_APP_GROUPS = YES;
				STRING_CATALOG_GENERATE_SYMBOLS = YES;
				SWIFT_APPROACHABLE_CONCURRENCY = YES;
				SWIFT_DEFAULT_ACTOR_ISOLATION = MainActor;
				SWIFT_EMIT_LOC_STRINGS = YES;
				SWIFT_UPCOMING_FEATURE_MEMBER_IMPORT_VISIBILITY = YES;
				SWIFT_VERSION = 5.0;
			};
			name = Debug;
		};
		68CF58202FCB2A0500CDE31A /* Release */ = {
			isa = XCBuildConfiguration;
			buildSettings = {
				ASSETCATALOG_COMPILER_APPICON_NAME = AppIcon;
				ASSETCATALOG_COMPILER_GLOBAL_ACCENT_COLOR_NAME = AccentColor;
				CODE_SIGN_STYLE = Automatic;
				COMBINE_HIDPI_IMAGES = YES;
				CURRENT_PROJECT_VERSION = 1;
				ENABLE_APP_SANDBOX = YES;
				ENABLE_HARDENED_RUNTIME = YES;
				ENABLE_OUTGOING_NETWORK_CONNECTIONS = YES;
				ENABLE_USER_SELECTED_FILES = readonly;
				GENERATE_INFOPLIST_FILE = YES;
				INFOPLIST_FILE = "Universal PiP/Info.plist";
				INFOPLIST_KEY_CFBundleDisplayName = "Universal PiP";
				INFOPLIST_KEY_LSApplicationCategoryType = "public.app-category.utilities";
				INFOPLIST_KEY_NSHumanReadableCopyright = "";
				INFOPLIST_KEY_NSMainStoryboardFile = Main;
				INFOPLIST_KEY_NSPrincipalClass = NSApplication;
				LD_RUNPATH_SEARCH_PATHS = (
					"$(inherited)",
					"@executable_path/../Frameworks",
				);
				MARKETING_VERSION = 1.0;
				OTHER_LDFLAGS = (
					"-framework",
					SafariServices,
					"-framework",
					WebKit,
				);
				PRODUCT_BUNDLE_IDENTIFIER = com.gatherlab.universalpip;
				PRODUCT_NAME = "$(TARGET_NAME)";
				REGISTER_APP_GROUPS = YES;
				STRING_CATALOG_GENERATE_SYMBOLS = YES;
				SWIFT_APPROACHABLE_CONCURRENCY = YES;
				SWIFT_DEFAULT_ACTOR_ISOLATION = MainActor;
				SWIFT_EMIT_LOC_STRINGS = YES;
				SWIFT_UPCOMING_FEATURE_MEMBER_IMPORT_VISIBILITY = YES;
				SWIFT_VERSION = 5.0;
			};
			name = Release;
		};
/* End XCBuildConfiguration section */

/* Begin XCConfigurationList section */
		68CF57F02FCB2A0400CDE31A /* Build configuration list for PBXProject "Universal PiP" */ = {
			isa = XCConfigurationList;
			buildConfigurations = (
				68CF58182FCB2A0500CDE31A /* Debug */,
				68CF58192FCB2A0500CDE31A /* Release */,
			);
			defaultConfigurationIsVisible = 0;
			defaultConfigurationName = Release;
		};
		68CF581A2FCB2A0500CDE31A /* Build configuration list for PBXNativeTarget "Universal PiP Extension" */ = {
			isa = XCConfigurationList;
			buildConfigurations = (
				68CF581B2FCB2A0500CDE31A /* Debug */,
				68CF581C2FCB2A0500CDE31A /* Release */,
			);
			defaultConfigurationIsVisible = 0;
			defaultConfigurationName = Release;
		};
		68CF581E2FCB2A0500CDE31A /* Build configuration list for PBXNativeTarget "Universal PiP" */ = {
			isa = XCConfigurationList;
			buildConfigurations = (
				68CF581F2FCB2A0500CDE31A /* Debug */,
				68CF58202FCB2A0500CDE31A /* Release */,
			);
			defaultConfigurationIsVisible = 0;
			defaultConfigurationName = Release;
		};
/* End XCConfigurationList section */
	};
	rootObject = 68CF57ED2FCB2A0400CDE31A /* Project object */;
}
